
Microsoft Visual Studio Solution File, Format Version 12.00
# Visual Studio Version 17
VisualStudioVersion = 17.10.35013.160
MinimumVisualStudioVersion = 10.0.40219.1
Project("{FAE04EC0-301F-11D3-BF4B-00C04F79EFBC}") = "Snake", "Snake\Snake.csproj", "{B6FDD842-0392-422F-B202-AAA8A5A89B47}"
EndProject
Global
	GlobalSection(SolutionConfigurationPlatforms) = preSolution
		Debug|Any CPU = Debug|Any CPU
		Release|Any CPU = Release|Any CPU
	EndGlobalSection
	GlobalSection(ProjectConfigurationPlatforms) = postSolution
		{B6FDD842-0392-422F-B202-AAA8A5A89B47}.Debug|Any CPU.ActiveCfg = Debug|Any CPU
		{B6FDD842-0392-422F-B202-AAA8A5A89B47}.Debug|Any CPU.Build.0 = Debug|Any CPU
		{B6FDD842-0392-422F-B202-AAA8A5A89B47}.Release|Any CPU.ActiveCfg = Release|Any CPU
		{B6FDD842-0392-422F-B202-AAA8A5A89B47}.Release|Any CPU.Build.0 = Release|Any CPU
	EndGlobalSection
	GlobalSection(SolutionProperties) = preSolution
		HideSolutionNode = FALSE
	EndGlobalSection
	GlobalSection(ExtensibilityGlobals) = postSolution
		SolutionGuid = {AA048AF4-C442-4E0B-9C2B-30F711C11EB0}
	EndGlobalSection
EndGlobal
